
Microsoft Visual Studio Solution File, Format Version 12.00
# Visual Studio Version 17
VisualStudioVersion = 17.0.32112.339
MinimumVisualStudioVersion = 10.0.40219.1
Project("{9A19103F-16F7-4668-BE54-9A1E7A4F7556}") = "ProductAPI", "ProductAPI\ProductAPI.csproj", "{5D9E0AA8-AF2D-40AF-80DD-75ECCF22E854}"
EndProject
Project("{9A19103F-16F7-4668-BE54-9A1E7A4F7556}") = "ProductWeb", "ProductWeb\ProductWeb.csproj", "{60F764C0-06A4-4869-BDC3-2CF9F54F1A07}"
EndProject
Project("{9A19103F-16F7-4668-BE54-9A1E7A4F7556}") = "XUnitDemo", "XUnitDemo\XUnitDemo.csproj", "{82F4A12B-5D7B-4F3B-AE35-19BB65856997}"
EndProject
Project("{9A19103F-16F7-4668-BE54-9A1E7A4F7556}") = "EATestProject", "EATestProject\EATestProject.csproj", "{AA79F4C2-0B90-494F-9371-1C87D9A40E90}"
EndProject
Project("{9A19103F-16F7-4668-BE54-9A1E7A4F7556}") = "EATestFramework", "EATestFramework\EATestFramework.csproj", "{1783ECD6-3C58-4848-AA40-AF5A222FDA89}"
EndProject
Project("{FAE04EC0-301F-11D3-BF4B-00C04F79EFBC}") = "EATestBDD", "EATestBDD\EATestBDD.csproj", "{8A4E6896-9AFC-438B-965E-2CB0DB652BE6}"
EndProject
Global
	GlobalSection(SolutionConfigurationPlatforms) = preSolution
		Debug|Any CPU = Debug|Any CPU
		Release|Any CPU = Release|Any CPU
	EndGlobalSection
	GlobalSection(ProjectConfigurationPlatforms) = postSolution
		{5D9E0AA8-AF2D-40AF-80DD-75ECCF22E854}.Debug|Any CPU.ActiveCfg = Debug|Any CPU
		{5D9E0AA8-AF2D-40AF-80DD-75ECCF22E854}.Debug|Any CPU.Build.0 = Debug|Any CPU
		{5D9E0AA8-AF2D-40AF-80DD-75ECCF22E854}.Release|Any CPU.ActiveCfg = Release|Any CPU
		{5D9E0AA8-AF2D-40AF-80DD-75ECCF22E854}.Release|Any CPU.Build.0 = Release|Any CPU
		{60F764C0-06A4-4869-BDC3-2CF9F54F1A07}.Debug|Any CPU.ActiveCfg = Debug|Any CPU
		{60F764C0-06A4-4869-BDC3-2CF9F54F1A07}.Debug|Any CPU.Build.0 = Debug|Any CPU
		{60F764C0-06A4-4869-BDC3-2CF9F54F1A07}.Release|Any CPU.ActiveCfg = Release|Any CPU
		{60F764C0-06A4-4869-BDC3-2CF9F54F1A07}.Release|Any CPU.Build.0 = Release|Any CPU
		{82F4A12B-5D7B-4F3B-AE35-19BB65856997}.Debug|Any CPU.ActiveCfg = Debug|Any CPU
		{82F4A12B-5D7B-4F3B-AE35-19BB65856997}.Debug|Any CPU.Build.0 = Debug|Any CPU
		{82F4A12B-5D7B-4F3B-AE35-19BB65856997}.Release|Any CPU.ActiveCfg = Release|Any CPU
		{82F4A12B-5D7B-4F3B-AE35-19BB65856997}.Release|Any CPU.Build.0 = Release|Any CPU
		{AA79F4C2-0B90-494F-9371-1C87D9A40E90}.Debug|Any CPU.ActiveCfg = Debug|Any CPU
		{AA79F4C2-0B90-494F-9371-1C87D9A40E90}.Debug|Any CPU.Build.0 = Debug|Any CPU
		{AA79F4C2-0B90-494F-9371-1C87D9A40E90}.Release|Any CPU.ActiveCfg = Release|Any CPU
		{AA79F4C2-0B90-494F-9371-1C87D9A40E90}.Release|Any CPU.Build.0 = Release|Any CPU
		{1783ECD6-3C58-4848-AA40-AF5A222FDA89}.Debug|Any CPU.ActiveCfg = Debug|Any CPU
		{1783ECD6-3C58-4848-AA40-AF5A222FDA89}.Debug|Any CPU.Build.0 = Debug|Any CPU
		{1783ECD6-3C58-4848-AA40-AF5A222FDA89}.Release|Any CPU.ActiveCfg = Release|Any CPU
		{1783ECD6-3C58-4848-AA40-AF5A222FDA89}.Release|Any CPU.Build.0 = Release|Any CPU
		{8A4E6896-9AFC-438B-965E-2CB0DB652BE6}.Debug|Any CPU.ActiveCfg = Debug|Any CPU
		{8A4E6896-9AFC-438B-965E-2CB0DB652BE6}.Debug|Any CPU.Build.0 = Debug|Any CPU
		{8A4E6896-9AFC-438B-965E-2CB0DB652BE6}.Release|Any CPU.ActiveCfg = Release|Any CPU
		{8A4E6896-9AFC-438B-965E-2CB0DB652BE6}.Release|Any CPU.Build.0 = Release|Any CPU
	EndGlobalSection
	GlobalSection(SolutionProperties) = preSolution
		HideSolutionNode = FALSE
	EndGlobalSection
	GlobalSection(ExtensibilityGlobals) = postSolution
		SolutionGuid = {32907C46-5C31-4DA3-B940-26974EEE4495}
	EndGlobalSection
EndGlobal
